// !$*UTF8*$!
{
	archiveVersion = 1;
	classes = {
	};
	objectVersion = 55;
	objects = {

/* Begin PBXBuildFile section */
		ACDC991827B7E61800CA095F /* AppDelegate.swift in Sources */ = {isa = PBXBuildFile; fileRef = ACDC991727B7E61800CA095F /* AppDelegate.swift */; };
		ACDC991A27B7E61800CA095F /* SceneDelegate.swift in Sources */ = {isa = PBXBuildFile; fileRef = ACDC991927B7E61800CA095F /* SceneDelegate.swift */; };
		ACDC991C27B7E61800CA095F /* HeroesViewController.swift in Sources */ = {isa = PBXBuildFile; fileRef = ACDC991B27B7E61800CA095F /* HeroesViewController.swift */; };
		ACDC992127B7E61800CA095F /* Assets.xcassets in Resources */ = {isa = PBXBuildFile; fileRef = ACDC992027B7E61800CA095F /* Assets.xcassets */; };
		ACDC993027B7F5B800CA095F /* Alamofire in Frameworks */ = {isa = PBXBuildFile; productRef = ACDC992F27B7F5B800CA095F /* Alamofire */; };
		ACDC99D727B8016900CA095F /* HeroesPresenter.swift in Sources */ = {isa = PBXBuildFile; fileRef = ACDC99D627B8016900CA095F /* HeroesPresenter.swift */; };
		ACDC99D927B8018800CA095F /* HeroesAdapter.swift in Sources */ = {isa = PBXBuildFile; fileRef = ACDC99D827B8018800CA095F /* HeroesAdapter.swift */; };
		ACDC99E127B82A9100CA095F /* ModuleBuilder.swift in Sources */ = {isa = PBXBuildFile; fileRef = ACDC99E027B82A9100CA095F /* ModuleBuilder.swift */; };
		ACDC99E927B82E0200CA095F /* AlamofireExampleUnitTests.swift in Sources */ = {isa = PBXBuildFile; fileRef = ACDC99E827B82E0200CA095F /* AlamofireExampleUnitTests.swift */; };
		ACDC99F327B82E9000CA095F /* MarvelCharacterPresenterTest.swift in Sources */ = {isa = PBXBuildFile; fileRef = ACDC99F227B82E9000CA095F /* MarvelCharacterPresenterTest.swift */; };
		ACDC99FD27B830EA00CA095F /* HeroesBasicCellView.swift in Sources */ = {isa = PBXBuildFile; fileRef = ACDC99FC27B830EA00CA095F /* HeroesBasicCellView.swift */; };
		ACDC9A0A27B8FD5800CA095F /* URLRequestBuilder.swift in Sources */ = {isa = PBXBuildFile; fileRef = ACDC9A0927B8FD5800CA095F /* URLRequestBuilder.swift */; };
		ACDC9A0C27B9108700CA095F /* HeroesModel.swift in Sources */ = {isa = PBXBuildFile; fileRef = ACDC9A0B27B9108700CA095F /* HeroesModel.swift */; };
		ACDC9A0E27B9272B00CA095F /* StringExtensions.swift in Sources */ = {isa = PBXBuildFile; fileRef = ACDC9A0D27B9272B00CA095F /* StringExtensions.swift */; };
		ACDC9A1127B9579B00CA095F /* NetworkProvider.swift in Sources */ = {isa = PBXBuildFile; fileRef = ACDC9A1027B9579B00CA095F /* NetworkProvider.swift */; };
		ACDC9A1327B957F200CA095F /* ServiceProvider.swift in Sources */ = {isa = PBXBuildFile; fileRef = ACDC9A1227B957F200CA095F /* ServiceProvider.swift */; };
		ACDC9A1927B98BDF00CA095F /* InfoHeroesPresenter.swift in Sources */ = {isa = PBXBuildFile; fileRef = ACDC9A1827B98BDF00CA095F /* InfoHeroesPresenter.swift */; };
		ACDC9A1B27B98BF600CA095F /* InfoHeroesViewController.swift in Sources */ = {isa = PBXBuildFile; fileRef = ACDC9A1A27B98BF600CA095F /* InfoHeroesViewController.swift */; };
		ACDC9A1D27B98C3B00CA095F /* HeroesPresenterProtocol.swift in Sources */ = {isa = PBXBuildFile; fileRef = ACDC9A1C27B98C3B00CA095F /* HeroesPresenterProtocol.swift */; };
		ACDC9A1F27B98C7100CA095F /* InfoHeroesPresenterProtocol.swift in Sources */ = {isa = PBXBuildFile; fileRef = ACDC9A1E27B98C7100CA095F /* InfoHeroesPresenterProtocol.swift */; };
/* End PBXBuildFile section */

/* Begin PBXContainerItemProxy section */
		ACDC99EA27B82E0200CA095F /* PBXContainerItemProxy */ = {
			isa = PBXContainerItemProxy;
			containerPortal = ACDC990C27B7E61800CA095F /* Project object */;
			proxyType = 1;
			remoteGlobalIDString = ACDC991327B7E61800CA095F;
			remoteInfo = AlamofireExample;
		};
/* End PBXContainerItemProxy section */

/* Begin PBXFileReference section */
		ACDC991427B7E61800CA095F /* AlamofireExample.app */ = {isa = PBXFileReference; explicitFileType = wrapper.application; includeInIndex = 0; path = AlamofireExample.app; sourceTree = BUILT_PRODUCTS_DIR; };
		ACDC991727B7E61800CA095F /* AppDelegate.swift */ = {isa = PBXFileReference; lastKnownFileType = sourcecode.swift; path = AppDelegate.swift; sourceTree = "<group>"; };
		ACDC991927B7E61800CA095F /* SceneDelegate.swift */ = {isa = PBXFileReference; lastKnownFileType = sourcecode.swift; path = SceneDelegate.swift; sourceTree = "<group>"; };
		ACDC991B27B7E61800CA095F /* HeroesViewController.swift */ = {isa = PBXFileReference; lastKnownFileType = sourcecode.swift; path = HeroesViewController.swift; sourceTree = "<group>"; };
		ACDC992027B7E61800CA095F /* Assets.xcassets */ = {isa = PBXFileReference; lastKnownFileType = folder.assetcatalog; path = Assets.xcassets; sourceTree = "<group>"; };
		ACDC992527B7E61800CA095F /* Info.plist */ = {isa = PBXFileReference; lastKnownFileType = text.plist.xml; path = Info.plist; sourceTree = "<group>"; };
		ACDC99D627B8016900CA095F /* HeroesPresenter.swift */ = {isa = PBXFileReference; lastKnownFileType = sourcecode.swift; path = HeroesPresenter.swift; sourceTree = "<group>"; };
		ACDC99D827B8018800CA095F /* HeroesAdapter.swift */ = {isa = PBXFileReference; lastKnownFileType = sourcecode.swift; path = HeroesAdapter.swift; sourceTree = "<group>"; };
		ACDC99E027B82A9100CA095F /* ModuleBuilder.swift */ = {isa = PBXFileReference; lastKnownFileType = sourcecode.swift; path = ModuleBuilder.swift; sourceTree = "<group>"; };
		ACDC99E627B82E0200CA095F /* AlamofireExampleUnitTests.xctest */ = {isa = PBXFileReference; explicitFileType = wrapper.cfbundle; includeInIndex = 0; path = AlamofireExampleUnitTests.xctest; sourceTree = BUILT_PRODUCTS_DIR; };
		ACDC99E827B82E0200CA095F /* AlamofireExampleUnitTests.swift */ = {isa = PBXFileReference; lastKnownFileType = sourcecode.swift; path = AlamofireExampleUnitTests.swift; sourceTree = "<group>"; };
		ACDC99F227B82E9000CA095F /* MarvelCharacterPresenterTest.swift */ = {isa = PBXFileReference; lastKnownFileType = sourcecode.swift; path = MarvelCharacterPresenterTest.swift; sourceTree = "<group>"; };
		ACDC99FC27B830EA00CA095F /* HeroesBasicCellView.swift */ = {isa = PBXFileReference; lastKnownFileType = sourcecode.swift; path = HeroesBasicCellView.swift; sourceTree = "<group>"; };
		ACDC9A0927B8FD5800CA095F /* URLRequestBuilder.swift */ = {isa = PBXFileReference; lastKnownFileType = sourcecode.swift; path = URLRequestBuilder.swift; sourceTree = "<group>"; };
		ACDC9A0B27B9108700CA095F /* HeroesModel.swift */ = {isa = PBXFileReference; lastKnownFileType = sourcecode.swift; path = HeroesModel.swift; sourceTree = "<group>"; };
		ACDC9A0D27B9272B00CA095F /* StringExtensions.swift */ = {isa = PBXFileReference; lastKnownFileType = sourcecode.swift; path = StringExtensions.swift; sourceTree = "<group>"; };
		ACDC9A1027B9579B00CA095F /* NetworkProvider.swift */ = {isa = PBXFileReference; lastKnownFileType = sourcecode.swift; path = NetworkProvider.swift; sourceTree = "<group>"; };
		ACDC9A1227B957F200CA095F /* ServiceProvider.swift */ = {isa = PBXFileReference; lastKnownFileType = sourcecode.swift; path = ServiceProvider.swift; sourceTree = "<group>"; };
		ACDC9A1827B98BDF00CA095F /* InfoHeroesPresenter.swift */ = {isa = PBXFileReference; lastKnownFileType = sourcecode.swift; path = InfoHeroesPresenter.swift; sourceTree = "<group>"; };
		ACDC9A1A27B98BF600CA095F /* InfoHeroesViewController.swift */ = {isa = PBXFileReference; lastKnownFileType = sourcecode.swift; path = InfoHeroesViewController.swift; sourceTree = "<group>"; };
		ACDC9A1C27B98C3B00CA095F /* HeroesPresenterProtocol.swift */ = {isa = PBXFileReference; lastKnownFileType = sourcecode.swift; path = HeroesPresenterProtocol.swift; sourceTree = "<group>"; };
		ACDC9A1E27B98C7100CA095F /* InfoHeroesPresenterProtocol.swift */ = {isa = PBXFileReference; lastKnownFileType = sourcecode.swift; path = InfoHeroesPresenterProtocol.swift; sourceTree = "<group>"; };
/* End PBXFileReference section */

/* Begin PBXFrameworksBuildPhase section */
		ACDC991127B7E61800CA095F /* Frameworks */ = {
			isa = PBXFrameworksBuildPhase;
			buildActionMask = 2147483647;
			files = (
				ACDC993027B7F5B800CA095F /* Alamofire in Frameworks */,
			);
			runOnlyForDeploymentPostprocessing = 0;
		};
		ACDC99E327B82E0200CA095F /* Frameworks */ = {
			isa = PBXFrameworksBuildPhase;
			buildActionMask = 2147483647;
			files = (
			);
			runOnlyForDeploymentPostprocessing = 0;
		};
/* End PBXFrameworksBuildPhase section */

/* Begin PBXGroup section */
		ACDC990B27B7E61800CA095F = {
			isa = PBXGroup;
			children = (
				ACDC991627B7E61800CA095F /* AlamofireExample */,
				ACDC99E727B82E0200CA095F /* AlamofireExampleUnitTests */,
				ACDC991527B7E61800CA095F /* Products */,
			);
			sourceTree = "<group>";
		};
		ACDC991527B7E61800CA095F /* Products */ = {
			isa = PBXGroup;
			children = (
				ACDC991427B7E61800CA095F /* AlamofireExample.app */,
				ACDC99E627B82E0200CA095F /* AlamofireExampleUnitTests.xctest */,
			);
			name = Products;
			sourceTree = "<group>";
		};
		ACDC991627B7E61800CA095F /* AlamofireExample */ = {
			isa = PBXGroup;
			children = (
				ACDC992B27B7E6DF00CA095F /* App */,
				ACDC992C27B7E6EB00CA095F /* Sources */,
				ACDC9A0F27B9575A00CA095F /* Extensions */,
			);
			path = AlamofireExample;
			sourceTree = "<group>";
		};
		ACDC992B27B7E6DF00CA095F /* App */ = {
			isa = PBXGroup;
			children = (
				ACDC991727B7E61800CA095F /* AppDelegate.swift */,
				ACDC991927B7E61800CA095F /* SceneDelegate.swift */,
				ACDC992D27B7E71300CA095F /* Resources */,
			);
			path = App;
			sourceTree = "<group>";
		};
		ACDC992C27B7E6EB00CA095F /* Sources */ = {
			isa = PBXGroup;
			children = (
				ACDC993227B7FA6200CA095F /* Networking */,
				ACDC99F927B82FB500CA095F /* ModuleBuilder */,
				ACDC9A1427B98BA100CA095F /* Scenes */,
			);
			path = Sources;
			sourceTree = "<group>";
		};
		ACDC992D27B7E71300CA095F /* Resources */ = {
			isa = PBXGroup;
			children = (
				ACDC992027B7E61800CA095F /* Assets.xcassets */,
				ACDC992527B7E61800CA095F /* Info.plist */,
			);
			path = Resources;
			sourceTree = "<group>";
		};
		ACDC993227B7FA6200CA095F /* Networking */ = {
			isa = PBXGroup;
			children = (
				ACDC9A0927B8FD5800CA095F /* URLRequestBuilder.swift */,
				ACDC9A1027B9579B00CA095F /* NetworkProvider.swift */,
				ACDC9A1227B957F200CA095F /* ServiceProvider.swift */,
			);
			path = Networking;
			sourceTree = "<group>";
		};
		ACDC99E727B82E0200CA095F /* AlamofireExampleUnitTests */ = {
			isa = PBXGroup;
			children = (
				ACDC99EF27B82E3800CA095F /* MarvelCharacterTest */,
				ACDC99E827B82E0200CA095F /* AlamofireExampleUnitTests.swift */,
			);
			path = AlamofireExampleUnitTests;
			sourceTree = "<group>";
		};
		ACDC99EF27B82E3800CA095F /* MarvelCharacterTest */ = {
			isa = PBXGroup;
			children = (
				ACDC99F227B82E9000CA095F /* MarvelCharacterPresenterTest.swift */,
			);
			path = MarvelCharacterTest;
			sourceTree = "<group>";
		};
		ACDC99F427B82F0300CA095F /* MagicHeroesModule */ = {
			isa = PBXGroup;
			children = (
				ACDC99F627B82F8A00CA095F /* Model */,
				ACDC99F727B82F9100CA095F /* View */,
				ACDC99F827B82F9800CA095F /* Presenter */,
			);
			path = MagicHeroesModule;
			sourceTree = "<group>";
		};
		ACDC99F627B82F8A00CA095F /* Model */ = {
			isa = PBXGroup;
			children = (
				ACDC9A0B27B9108700CA095F /* HeroesModel.swift */,
			);
			path = Model;
			sourceTree = "<group>";
		};
		ACDC99F727B82F9100CA095F /* View */ = {
			isa = PBXGroup;
			children = (
				ACDC991B27B7E61800CA095F /* HeroesViewController.swift */,
				ACDC99D827B8018800CA095F /* HeroesAdapter.swift */,
				ACDC99FC27B830EA00CA095F /* HeroesBasicCellView.swift */,
			);
			path = View;
			sourceTree = "<group>";
		};
		ACDC99F827B82F9800CA095F /* Presenter */ = {
			isa = PBXGroup;
			children = (
				ACDC9A1C27B98C3B00CA095F /* HeroesPresenterProtocol.swift */,
				ACDC99D627B8016900CA095F /* HeroesPresenter.swift */,
			);
			path = Presenter;
			sourceTree = "<group>";
		};
		ACDC99F927B82FB500CA095F /* ModuleBuilder */ = {
			isa = PBXGroup;
			children = (
				ACDC99E027B82A9100CA095F /* ModuleBuilder.swift */,
			);
			path = ModuleBuilder;
			sourceTree = "<group>";
		};
		ACDC9A0F27B9575A00CA095F /* Extensions */ = {
			isa = PBXGroup;
			children = (
				ACDC9A0D27B9272B00CA095F /* StringExtensions.swift */,
			);
			path = Extensions;
			sourceTree = "<group>";
		};
		ACDC9A1427B98BA100CA095F /* Scenes */ = {
			isa = PBXGroup;
			children = (
				ACDC99F427B82F0300CA095F /* MagicHeroesModule */,
				ACDC9A1527B98BB300CA095F /* InfoMagicHeroesModule */,
			);
			path = Scenes;
			sourceTree = "<group>";
		};
		ACDC9A1527B98BB300CA095F /* InfoMagicHeroesModule */ = {
			isa = PBXGroup;
			children = (
				ACDC9A1727B98BCC00CA095F /* Presenter */,
				ACDC9A1627B98BC700CA095F /* View */,
			);
			path = InfoMagicHeroesModule;
			sourceTree = "<group>";
		};
		ACDC9A1627B98BC700CA095F /* View */ = {
			isa = PBXGroup;
			children = (
				ACDC9A1A27B98BF600CA095F /* InfoHeroesViewController.swift */,
			);
			path = View;
			sourceTree = "<group>";
		};
		ACDC9A1727B98BCC00CA095F /* Presenter */ = {
			isa = PBXGroup;
			children = (
				ACDC9A1E27B98C7100CA095F /* InfoHeroesPresenterProtocol.swift */,
				ACDC9A1827B98BDF00CA095F /* InfoHeroesPresenter.swift */,
			);
			path = Presenter;
			sourceTree = "<group>";
		};
/* End PBXGroup section */

/* Begin PBXNativeTarget section */
		ACDC991327B7E61800CA095F /* AlamofireExample */ = {
			isa = PBXNativeTarget;
			buildConfigurationList = ACDC992827B7E61800CA095F /* Build configuration list for PBXNativeTarget "AlamofireExample" */;
			buildPhases = (
				ACDC991027B7E61800CA095F /* Sources */,
				ACDC991127B7E61800CA095F /* Frameworks */,
				ACDC991227B7E61800CA095F /* Resources */,
			);
			buildRules = (
			);
			dependencies = (
			);
			name = AlamofireExample;
			packageProductDependencies = (
				ACDC992F27B7F5B800CA095F /* Alamofire */,
			);
			productName = AlamofireExample;
			productReference = ACDC991427B7E61800CA095F /* AlamofireExample.app */;
			productType = "com.apple.product-type.application";
		};
		ACDC99E527B82E0200CA095F /* AlamofireExampleUnitTests */ = {
			isa = PBXNativeTarget;
			buildConfigurationList = ACDC99EC27B82E0200CA095F /* Build configuration list for PBXNativeTarget "AlamofireExampleUnitTests" */;
			buildPhases = (
				ACDC99E227B82E0200CA095F /* Sources */,
				ACDC99E327B82E0200CA095F /* Frameworks */,
				ACDC99E427B82E0200CA095F /* Resources */,
			);
			buildRules = (
			);
			dependencies = (
				ACDC99EB27B82E0200CA095F /* PBXTargetDependency */,
			);
			name = AlamofireExampleUnitTests;
			productName = AlamofireExampleUnitTests;
			productReference = ACDC99E627B82E0200CA095F /* AlamofireExampleUnitTests.xctest */;
			productType = "com.apple.product-type.bundle.unit-test";
		};
/* End PBXNativeTarget section */

/* Begin PBXProject section */
		ACDC990C27B7E61800CA095F /* Project object */ = {
			isa = PBXProject;
			attributes = {
				BuildIndependentTargetsInParallel = 1;
				LastSwiftUpdateCheck = 1320;
				LastUpgradeCheck = 1320;
				TargetAttributes = {
					ACDC991327B7E61800CA095F = {
						CreatedOnToolsVersion = 13.2.1;
					};
					ACDC99E527B82E0200CA095F = {
						CreatedOnToolsVersion = 13.2.1;
						TestTargetID = ACDC991327B7E61800CA095F;
					};
				};
			};
			buildConfigurationList = ACDC990F27B7E61800CA095F /* Build configuration list for PBXProject "AlamofireExample" */;
			compatibilityVersion = "Xcode 13.0";
			developmentRegion = en;
			hasScannedForEncodings = 0;
			knownRegions = (
				en,
				Base,
			);
			mainGroup = ACDC990B27B7E61800CA095F;
			packageReferences = (
				ACDC992E27B7F5B800CA095F /* XCRemoteSwiftPackageReference "Alamofire" */,
			);
			productRefGroup = ACDC991527B7E61800CA095F /* Products */;
			projectDirPath = "";
			projectRoot = "";
			targets = (
				ACDC991327B7E61800CA095F /* AlamofireExample */,
				ACDC99E527B82E0200CA095F /* AlamofireExampleUnitTests */,
			);
		};
/* End PBXProject section */

/* Begin PBXResourcesBuildPhase section */
		ACDC991227B7E61800CA095F /* Resources */ = {
			isa = PBXResourcesBuildPhase;
			buildActionMask = 2147483647;
			files = (
				ACDC992127B7E61800CA095F /* Assets.xcassets in Resources */,
			);
			runOnlyForDeploymentPostprocessing = 0;
		};
		ACDC99E427B82E0200CA095F /* Resources */ = {
			isa = PBXResourcesBuildPhase;
			buildActionMask = 2147483647;
			files = (
			);
			runOnlyForDeploymentPostprocessing = 0;
		};
/* End PBXResourcesBuildPhase section */

/* Begin PBXSourcesBuildPhase section */
		ACDC991027B7E61800CA095F /* Sources */ = {
			isa = PBXSourcesBuildPhase;
			buildActionMask = 2147483647;
			files = (
				ACDC9A1B27B98BF600CA095F /* InfoHeroesViewController.swift in Sources */,
				ACDC9A1927B98BDF00CA095F /* InfoHeroesPresenter.swift in Sources */,
				ACDC991C27B7E61800CA095F /* HeroesViewController.swift in Sources */,
				ACDC9A0A27B8FD5800CA095F /* URLRequestBuilder.swift in Sources */,
				ACDC991827B7E61800CA095F /* AppDelegate.swift in Sources */,
				ACDC9A0C27B9108700CA095F /* HeroesModel.swift in Sources */,
				ACDC99FD27B830EA00CA095F /* HeroesBasicCellView.swift in Sources */,
				ACDC99E127B82A9100CA095F /* ModuleBuilder.swift in Sources */,
				ACDC9A1F27B98C7100CA095F /* InfoHeroesPresenterProtocol.swift in Sources */,
				ACDC9A0E27B9272B00CA095F /* StringExtensions.swift in Sources */,
				ACDC99D727B8016900CA095F /* HeroesPresenter.swift in Sources */,
				ACDC99D927B8018800CA095F /* HeroesAdapter.swift in Sources */,
				ACDC9A1327B957F200CA095F /* ServiceProvider.swift in Sources */,
				ACDC9A1127B9579B00CA095F /* NetworkProvider.swift in Sources */,
				ACDC9A1D27B98C3B00CA095F /* HeroesPresenterProtocol.swift in Sources */,
				ACDC991A27B7E61800CA095F /* SceneDelegate.swift in Sources */,
			);
			runOnlyForDeploymentPostprocessing = 0;
		};
		ACDC99E227B82E0200CA095F /* Sources */ = {
			isa = PBXSourcesBuildPhase;
			buildActionMask = 2147483647;
			files = (
				ACDC99E927B82E0200CA095F /* AlamofireExampleUnitTests.swift in Sources */,
				ACDC99F327B82E9000CA095F /* MarvelCharacterPresenterTest.swift in Sources */,
			);
			runOnlyForDeploymentPostprocessing = 0;
		};
/* End PBXSourcesBuildPhase section */

/* Begin PBXTargetDependency section */
		ACDC99EB27B82E0200CA095F /* PBXTargetDependency */ = {
			isa = PBXTargetDependency;
			target = ACDC991327B7E61800CA095F /* AlamofireExample */;
			targetProxy = ACDC99EA27B82E0200CA095F /* PBXContainerItemProxy */;
		};
/* End PBXTargetDependency section */

/* Begin XCBuildConfiguration section */
		ACDC992627B7E61800CA095F /* Debug */ = {
			isa = XCBuildConfiguration;
			buildSettings = {
				ALWAYS_SEARCH_USER_PATHS = NO;
				CLANG_ANALYZER_NONNULL = YES;
				CLANG_ANALYZER_NUMBER_OBJECT_CONVERSION = YES_AGGRESSIVE;
				CLANG_CXX_LANGUAGE_STANDARD = "gnu++17";
				CLANG_CXX_LIBRARY = "libc++";
				CLANG_ENABLE_MODULES = YES;
				CLANG_ENABLE_OBJC_ARC = YES;
				CLANG_ENABLE_OBJC_WEAK = YES;
				CLANG_WARN_BLOCK_CAPTURE_AUTORELEASING = YES;
				CLANG_WARN_BOOL_CONVERSION = YES;
				CLANG_WARN_COMMA = YES;
				CLANG_WARN_CONSTANT_CONVERSION = YES;
				CLANG_WARN_DEPRECATED_OBJC_IMPLEMENTATIONS = YES;
				CLANG_WARN_DIRECT_OBJC_ISA_USAGE = YES_ERROR;
				CLANG_WARN_DOCUMENTATION_COMMENTS = YES;
				CLANG_WARN_EMPTY_BODY = YES;
				CLANG_WARN_ENUM_CONVERSION = YES;
				CLANG_WARN_INFINITE_RECURSION = YES;
				CLANG_WARN_INT_CONVERSION = YES;
				CLANG_WARN_NON_LITERAL_NULL_CONVERSION = YES;
				CLANG_WARN_OBJC_IMPLICIT_RETAIN_SELF = YES;
				CLANG_WARN_OBJC_LITERAL_CONVERSION = YES;
				CLANG_WARN_OBJC_ROOT_CLASS = YES_ERROR;
				CLANG_WARN_QUOTED_INCLUDE_IN_FRAMEWORK_HEADER = YES;
				CLANG_WARN_RANGE_LOOP_ANALYSIS = YES;
				CLANG_WARN_STRICT_PROTOTYPES = YES;
				CLANG_WARN_SUSPICIOUS_MOVE = YES;
				CLANG_WARN_UNGUARDED_AVAILABILITY = YES_AGGRESSIVE;
				CLANG_WARN_UNREACHABLE_CODE = YES;
				CLANG_WARN__DUPLICATE_METHOD_MATCH = YES;
				COPY_PHASE_STRIP = NO;
				DEBUG_INFORMATION_FORMAT = dwarf;
				ENABLE_STRICT_OBJC_MSGSEND = YES;
				ENABLE_TESTABILITY = YES;
				GCC_C_LANGUAGE_STANDARD = gnu11;
				GCC_DYNAMIC_NO_PIC = NO;
				GCC_NO_COMMON_BLOCKS = YES;
				GCC_OPTIMIZATION_LEVEL = 0;
				GCC_PREPROCESSOR_DEFINITIONS = (
					"DEBUG=1",
					"$(inherited)",
				);
				GCC_WARN_64_TO_32_BIT_CONVERSION = YES;
				GCC_WARN_ABOUT_RETURN_TYPE = YES_ERROR;
				GCC_WARN_UNDECLARED_SELECTOR = YES;
				GCC_WARN_UNINITIALIZED_AUTOS = YES_AGGRESSIVE;
				GCC_WARN_UNUSED_FUNCTION = YES;
				GCC_WARN_UNUSED_VARIABLE = YES;
				IPHONEOS_DEPLOYMENT_TARGET = 15.2;
				MTL_ENABLE_DEBUG_INFO = INCLUDE_SOURCE;
				MTL_FAST_MATH = YES;
				ONLY_ACTIVE_ARCH = YES;
				SDKROOT = iphoneos;
				SWIFT_ACTIVE_COMPILATION_CONDITIONS = DEBUG;
				SWIFT_OPTIMIZATION_LEVEL = "-Onone";
			};
			name = Debug;
		};
		ACDC992727B7E61800CA095F /* Release */ = {
			isa = XCBuildConfiguration;
			buildSettings = {
				ALWAYS_SEARCH_USER_PATHS = NO;
				CLANG_ANALYZER_NONNULL = YES;
				CLANG_ANALYZER_NUMBER_OBJECT_CONVERSION = YES_AGGRESSIVE;
				CLANG_CXX_LANGUAGE_STANDARD = "gnu++17";
				CLANG_CXX_LIBRARY = "libc++";
				CLANG_ENABLE_MODULES = YES;
				CLANG_ENABLE_OBJC_ARC = YES;
				CLANG_ENABLE_OBJC_WEAK = YES;
				CLANG_WARN_BLOCK_CAPTURE_AUTORELEASING = YES;
				CLANG_WARN_BOOL_CONVERSION = YES;
				CLANG_WARN_COMMA = YES;
				CLANG_WARN_CONSTANT_CONVERSION = YES;
				CLANG_WARN_DEPRECATED_OBJC_IMPLEMENTATIONS = YES;
				CLANG_WARN_DIRECT_OBJC_ISA_USAGE = YES_ERROR;
				CLANG_WARN_DOCUMENTATION_COMMENTS = YES;
				CLANG_WARN_EMPTY_BODY = YES;
				CLANG_WARN_ENUM_CONVERSION = YES;
				CLANG_WARN_INFINITE_RECURSION = YES;
				CLANG_WARN_INT_CONVERSION = YES;
				CLANG_WARN_NON_LITERAL_NULL_CONVERSION = YES;
				CLANG_WARN_OBJC_IMPLICIT_RETAIN_SELF = YES;
				CLANG_WARN_OBJC_LITERAL_CONVERSION = YES;
				CLANG_WARN_OBJC_ROOT_CLASS = YES_ERROR;
				CLANG_WARN_QUOTED_INCLUDE_IN_FRAMEWORK_HEADER = YES;
				CLANG_WARN_RANGE_LOOP_ANALYSIS = YES;
				CLANG_WARN_STRICT_PROTOTYPES = YES;
				CLANG_WARN_SUSPICIOUS_MOVE = YES;
				CLANG_WARN_UNGUARDED_AVAILABILITY = YES_AGGRESSIVE;
				CLANG_WARN_UNREACHABLE_CODE = YES;
				CLANG_WARN__DUPLICATE_METHOD_MATCH = YES;
				COPY_PHASE_STRIP = NO;
				DEBUG_INFORMATION_FORMAT = "dwarf-with-dsym";
				ENABLE_NS_ASSERTIONS = NO;
				ENABLE_STRICT_OBJC_MSGSEND = YES;
				GCC_C_LANGUAGE_STANDARD = gnu11;
				GCC_NO_COMMON_BLOCKS = YES;
				GCC_WARN_64_TO_32_BIT_CONVERSION = YES;
				GCC_WARN_ABOUT_RETURN_TYPE = YES_ERROR;
				GCC_WARN_UNDECLARED_SELECTOR = YES;
				GCC_WARN_UNINITIALIZED_AUTOS = YES_AGGRESSIVE;
				GCC_WARN_UNUSED_FUNCTION = YES;
				GCC_WARN_UNUSED_VARIABLE = YES;
				IPHONEOS_DEPLOYMENT_TARGET = 15.2;
				MTL_ENABLE_DEBUG_INFO = NO;
				MTL_FAST_MATH = YES;
				SDKROOT = iphoneos;
				SWIFT_COMPILATION_MODE = wholemodule;
				SWIFT_OPTIMIZATION_LEVEL = "-O";
				VALIDATE_PRODUCT = YES;
			};
			name = Release;
		};
		ACDC992927B7E61800CA095F /* Debug */ = {
			isa = XCBuildConfiguration;
			buildSettings = {
				ASSETCATALOG_COMPILER_APPICON_NAME = AppIcon;
				ASSETCATALOG_COMPILER_GLOBAL_ACCENT_COLOR_NAME = AccentColor;
				CODE_SIGN_STYLE = Automatic;
				CURRENT_PROJECT_VERSION = 1;
				DEVELOPMENT_TEAM = 8F65V3YM64;
				GENERATE_INFOPLIST_FILE = YES;
				INFOPLIST_FILE = AlamofireExample/App/Resources/Info.plist;
				INFOPLIST_KEY_UIApplicationSupportsIndirectInputEvents = YES;
				INFOPLIST_KEY_UILaunchStoryboardName = LaunchScreen;
				INFOPLIST_KEY_UISupportedInterfaceOrientations_iPad = "UIInterfaceOrientationPortrait UIInterfaceOrientationPortraitUpsideDown UIInterfaceOrientationLandscapeLeft UIInterfaceOrientationLandscapeRight";
				INFOPLIST_KEY_UISupportedInterfaceOrientations_iPhone = "UIInterfaceOrientationPortrait UIInterfaceOrientationLandscapeLeft UIInterfaceOrientationLandscapeRight";
				LD_RUNPATH_SEARCH_PATHS = (
					"$(inherited)",
					"@executable_path/Frameworks",
				);
				MARKETING_VERSION = 1.0;
				PRODUCT_BUNDLE_IDENTIFIER = com.ArtemMushtakov.AlamofireExample;
				PRODUCT_NAME = "$(TARGET_NAME)";
				SWIFT_EMIT_LOC_STRINGS = YES;
				SWIFT_VERSION = 5.0;
				TARGETED_DEVICE_FAMILY = "1,2";
			};
			name = Debug;
		};
		ACDC992A27B7E61800CA095F /* Release */ = {
			isa = XCBuildConfiguration;
			buildSettings = {
				ASSETCATALOG_COMPILER_APPICON_NAME = AppIcon;
				ASSETCATALOG_COMPILER_GLOBAL_ACCENT_COLOR_NAME = AccentColor;
				CODE_SIGN_STYLE = Automatic;
				CURRENT_PROJECT_VERSION = 1;
				DEVELOPMENT_TEAM = 8F65V3YM64;
				GENERATE_INFOPLIST_FILE = YES;
				INFOPLIST_FILE = AlamofireExample/App/Resources/Info.plist;
				INFOPLIST_KEY_UIApplicationSupportsIndirectInputEvents = YES;
				INFOPLIST_KEY_UILaunchStoryboardName = LaunchScreen;
				INFOPLIST_KEY_UISupportedInterfaceOrientations_iPad = "UIInterfaceOrientationPortrait UIInterfaceOrientationPortraitUpsideDown UIInterfaceOrientationLandscapeLeft UIInterfaceOrientationLandscapeRight";
				INFOPLIST_KEY_UISupportedInterfaceOrientations_iPhone = "UIInterfaceOrientationPortrait UIInterfaceOrientationLandscapeLeft UIInterfaceOrientationLandscapeRight";
				LD_RUNPATH_SEARCH_PATHS = (
					"$(inherited)",
					"@executable_path/Frameworks",
				);
				MARKETING_VERSION = 1.0;
				PRODUCT_BUNDLE_IDENTIFIER = com.ArtemMushtakov.AlamofireExample;
				PRODUCT_NAME = "$(TARGET_NAME)";
				SWIFT_EMIT_LOC_STRINGS = YES;
				SWIFT_VERSION = 5.0;
				TARGETED_DEVICE_FAMILY = "1,2";
			};
			name = Release;
		};
		ACDC99ED27B82E0200CA095F /* Debug */ = {
			isa = XCBuildConfiguration;
			buildSettings = {
				BUNDLE_LOADER = "$(TEST_HOST)";
				CODE_SIGN_STYLE = Automatic;
				CURRENT_PROJECT_VERSION = 1;
				DEVELOPMENT_TEAM = 8F65V3YM64;
				GENERATE_INFOPLIST_FILE = YES;
				MARKETING_VERSION = 1.0;
				PRODUCT_BUNDLE_IDENTIFIER = com.ArtemMushtakov.AlamofireExampleUnitTests;
				PRODUCT_NAME = "$(TARGET_NAME)";
				SWIFT_EMIT_LOC_STRINGS = NO;
				SWIFT_VERSION = 5.0;
				TARGETED_DEVICE_FAMILY = "1,2";
				TEST_HOST = "$(BUILT_PRODUCTS_DIR)/AlamofireExample.app/AlamofireExample";
			};
			name = Debug;
		};
		ACDC99EE27B82E0200CA095F /* Release */ = {
			isa = XCBuildConfiguration;
			buildSettings = {
				BUNDLE_LOADER = "$(TEST_HOST)";
				CODE_SIGN_STYLE = Automatic;
				CURRENT_PROJECT_VERSION = 1;
				DEVELOPMENT_TEAM = 8F65V3YM64;
				GENERATE_INFOPLIST_FILE = YES;
				MARKETING_VERSION = 1.0;
				PRODUCT_BUNDLE_IDENTIFIER = com.ArtemMushtakov.AlamofireExampleUnitTests;
				PRODUCT_NAME = "$(TARGET_NAME)";
				SWIFT_EMIT_LOC_STRINGS = NO;
				SWIFT_VERSION = 5.0;
				TARGETED_DEVICE_FAMILY = "1,2";
				TEST_HOST = "$(BUILT_PRODUCTS_DIR)/AlamofireExample.app/AlamofireExample";
			};
			name = Release;
		};
/* End XCBuildConfiguration section */

/* Begin XCConfigurationList section */
		ACDC990F27B7E61800CA095F /* Build configuration list for PBXProject "AlamofireExample" */ = {
			isa = XCConfigurationList;
			buildConfigurations = (
				ACDC992627B7E61800CA095F /* Debug */,
				ACDC992727B7E61800CA095F /* Release */,
			);
			defaultConfigurationIsVisible = 0;
			defaultConfigurationName = Release;
		};
		ACDC992827B7E61800CA095F /* Build configuration list for PBXNativeTarget "AlamofireExample" */ = {
			isa = XCConfigurationList;
			buildConfigurations = (
				ACDC992927B7E61800CA095F /* Debug */,
				ACDC992A27B7E61800CA095F /* Release */,
			);
			defaultConfigurationIsVisible = 0;
			defaultConfigurationName = Release;
		};
		ACDC99EC27B82E0200CA095F /* Build configuration list for PBXNativeTarget "AlamofireExampleUnitTests" */ = {
			isa = XCConfigurationList;
			buildConfigurations = (
				ACDC99ED27B82E0200CA095F /* Debug */,
				ACDC99EE27B82E0200CA095F /* Release */,
			);
			defaultConfigurationIsVisible = 0;
			defaultConfigurationName = Release;
		};
/* End XCConfigurationList section */

/* Begin XCRemoteSwiftPackageReference section */
		ACDC992E27B7F5B800CA095F /* XCRemoteSwiftPackageReference "Alamofire" */ = {
			isa = XCRemoteSwiftPackageReference;
			repositoryURL = "https://github.com/Alamofire/Alamofire";
			requirement = {
				kind = upToNextMajorVersion;
				minimumVersion = 5.0.0;
			};
		};
/* End XCRemoteSwiftPackageReference section */

/* Begin XCSwiftPackageProductDependency section */
		ACDC992F27B7F5B800CA095F /* Alamofire */ = {
			isa = XCSwiftPackageProductDependency;
			package = ACDC992E27B7F5B800CA095F /* XCRemoteSwiftPackageReference "Alamofire" */;
			productName = Alamofire;
		};
/* End XCSwiftPackageProductDependency section */
	};
	rootObject = ACDC990C27B7E61800CA095F /* Project object */;
}
